
Microsoft Visual Studio Solution File, Format Version 12.00
# Visual Studio Version 17
VisualStudioVersion = 17.6.33815.320
MinimumVisualStudioVersion = 10.0.40219.1
Project("{00D1A9C2-B5F0-4AF3-8072-F6C62B433612}") = "movieManiaDatabase", "movieManiaDatabase\movieManiaDatabase.sqlproj", "{EDDD01D2-F617-4A5C-8306-0257327037CB}"
EndProject
Global
	GlobalSection(SolutionConfigurationPlatforms) = preSolution
		Debug|Any CPU = Debug|Any CPU
		Release|Any CPU = Release|Any CPU
	EndGlobalSection
	GlobalSection(ProjectConfigurationPlatforms) = postSolution
		{EDDD01D2-F617-4A5C-8306-0257327037CB}.Debug|Any CPU.ActiveCfg = Debug|Any CPU
		{EDDD01D2-F617-4A5C-8306-0257327037CB}.Debug|Any CPU.Build.0 = Debug|Any CPU
		{EDDD01D2-F617-4A5C-8306-0257327037CB}.Debug|Any CPU.Deploy.0 = Debug|Any CPU
		{EDDD01D2-F617-4A5C-8306-0257327037CB}.Release|Any CPU.ActiveCfg = Release|Any CPU
		{EDDD01D2-F617-4A5C-8306-0257327037CB}.Release|Any CPU.Build.0 = Release|Any CPU
		{EDDD01D2-F617-4A5C-8306-0257327037CB}.Release|Any CPU.Deploy.0 = Release|Any CPU
	EndGlobalSection
	GlobalSection(SolutionProperties) = preSolution
		HideSolutionNode = FALSE
	EndGlobalSection
	GlobalSection(ExtensibilityGlobals) = postSolution
		SolutionGuid = {3DEE0C44-71F6-4C88-95C3-FB2CB3E805A1}
	EndGlobalSection
EndGlobal
